
Microsoft Visual Studio Solution File, Format Version 12.00
Project("{FAE04EC0-301F-11D3-BF4B-00C04F79EFBC}") = "IdentityService", "IdentityService\IdentityService.csproj", "{3EE1A756-B03A-42B9-BC75-E2CA95199429}"
EndProject
Project("{FAE04EC0-301F-11D3-BF4B-00C04F79EFBC}") = "LoggerService", "LoggerService\LoggerService.csproj", "{DCB76FD2-7DB9-4F57-A5BC-9BB8C0B920E0}"
EndProject
Global
	GlobalSection(SolutionConfigurationPlatforms) = preSolution
		Debug|Any CPU = Debug|Any CPU
		Release|Any CPU = Release|Any CPU
	EndGlobalSection
	GlobalSection(ProjectConfigurationPlatforms) = postSolution
		{3EE1A756-B03A-42B9-BC75-E2CA95199429}.Debug|Any CPU.ActiveCfg = Debug|Any CPU
		{3EE1A756-B03A-42B9-BC75-E2CA95199429}.Debug|Any CPU.Build.0 = Debug|Any CPU
		{3EE1A756-B03A-42B9-BC75-E2CA95199429}.Release|Any CPU.ActiveCfg = Release|Any CPU
		{3EE1A756-B03A-42B9-BC75-E2CA95199429}.Release|Any CPU.Build.0 = Release|Any CPU
		{DCB76FD2-7DB9-4F57-A5BC-9BB8C0B920E0}.Debug|Any CPU.ActiveCfg = Debug|Any CPU
		{DCB76FD2-7DB9-4F57-A5BC-9BB8C0B920E0}.Debug|Any CPU.Build.0 = Debug|Any CPU
		{DCB76FD2-7DB9-4F57-A5BC-9BB8C0B920E0}.Release|Any CPU.ActiveCfg = Release|Any CPU
		{DCB76FD2-7DB9-4F57-A5BC-9BB8C0B920E0}.Release|Any CPU.Build.0 = Release|Any CPU
	EndGlobalSection
EndGlobal
